
Microsoft Visual Studio Solution File, Format Version 12.00
Project("{FAE04EC0-301F-11D3-BF4B-00C04F79EFBC}") = "QuizApp", "QuizApp\QuizApp.csproj", "{9F66B7DC-F7C4-466A-ABA2-A38EA3B5DBC1}"
EndProject
Project("{FAE04EC0-301F-11D3-BF4B-00C04F79EFBC}") = "QuizApp.Android", "QuizApp.Android\QuizApp.Android.csproj", "{1C27DDF8-FD95-48D8-BBF9-B87A70B92547}"
EndProject
Project("{FAE04EC0-301F-11D3-BF4B-00C04F79EFBC}") = "QuizApp.iOS", "QuizApp.iOS\QuizApp.iOS.csproj", "{208F4EAC-C87A-4249-9561-5DF6C48E585C}"
EndProject
Global
	GlobalSection(SolutionConfigurationPlatforms) = preSolution
		Ad-Hoc|iPhone = Ad-Hoc|iPhone
		AppStore|iPhone = AppStore|iPhone
		Debug|Any CPU = Debug|Any CPU
		Debug|iPhone = Debug|iPhone
		Debug|iPhoneSimulator = Debug|iPhoneSimulator
		Release|Any CPU = Release|Any CPU
		Release|iPhone = Release|iPhone
		Release|iPhoneSimulator = Release|iPhoneSimulator
	EndGlobalSection
	GlobalSection(ProjectConfigurationPlatforms) = postSolution
		{9F66B7DC-F7C4-466A-ABA2-A38EA3B5DBC1}.Ad-Hoc|iPhone.ActiveCfg = Debug|Any CPU
		{9F66B7DC-F7C4-466A-ABA2-A38EA3B5DBC1}.Ad-Hoc|iPhone.Build.0 = Debug|Any CPU
		{9F66B7DC-F7C4-466A-ABA2-A38EA3B5DBC1}.AppStore|iPhone.ActiveCfg = Debug|Any CPU
		{9F66B7DC-F7C4-466A-ABA2-A38EA3B5DBC1}.AppStore|iPhone.Build.0 = Debug|Any CPU
		{9F66B7DC-F7C4-466A-ABA2-A38EA3B5DBC1}.Debug|Any CPU.ActiveCfg = Debug|Any CPU
		{9F66B7DC-F7C4-466A-ABA2-A38EA3B5DBC1}.Debug|Any CPU.Build.0 = Debug|Any CPU
		{9F66B7DC-F7C4-466A-ABA2-A38EA3B5DBC1}.Debug|iPhone.ActiveCfg = Debug|Any CPU
		{9F66B7DC-F7C4-466A-ABA2-A38EA3B5DBC1}.Debug|iPhone.Build.0 = Debug|Any CPU
		{9F66B7DC-F7C4-466A-ABA2-A38EA3B5DBC1}.Debug|iPhoneSimulator.ActiveCfg = Debug|Any CPU
		{9F66B7DC-F7C4-466A-ABA2-A38EA3B5DBC1}.Debug|iPhoneSimulator.Build.0 = Debug|Any CPU
		{9F66B7DC-F7C4-466A-ABA2-A38EA3B5DBC1}.Release|Any CPU.ActiveCfg = Release|Any CPU
		{9F66B7DC-F7C4-466A-ABA2-A38EA3B5DBC1}.Release|Any CPU.Build.0 = Release|Any CPU
		{9F66B7DC-F7C4-466A-ABA2-A38EA3B5DBC1}.Release|iPhone.ActiveCfg = Release|Any CPU
		{9F66B7DC-F7C4-466A-ABA2-A38EA3B5DBC1}.Release|iPhone.Build.0 = Release|Any CPU
		{9F66B7DC-F7C4-466A-ABA2-A38EA3B5DBC1}.Release|iPhoneSimulator.ActiveCfg = Release|Any CPU
		{9F66B7DC-F7C4-466A-ABA2-A38EA3B5DBC1}.Release|iPhoneSimulator.Build.0 = Release|Any CPU
		{1C27DDF8-FD95-48D8-BBF9-B87A70B92547}.Ad-Hoc|iPhone.ActiveCfg = Debug|Any CPU
		{1C27DDF8-FD95-48D8-BBF9-B87A70B92547}.Ad-Hoc|iPhone.Build.0 = Debug|Any CPU
		{1C27DDF8-FD95-48D8-BBF9-B87A70B92547}.Ad-Hoc|iPhone.Deploy.0 = Debug|Any CPU
		{1C27DDF8-FD95-48D8-BBF9-B87A70B92547}.AppStore|iPhone.ActiveCfg = Debug|Any CPU
		{1C27DDF8-FD95-48D8-BBF9-B87A70B92547}.AppStore|iPhone.Build.0 = Debug|Any CPU
		{1C27DDF8-FD95-48D8-BBF9-B87A70B92547}.AppStore|iPhone.Deploy.0 = Debug|Any CPU
		{1C27DDF8-FD95-48D8-BBF9-B87A70B92547}.Debug|Any CPU.ActiveCfg = Debug|Any CPU
		{1C27DDF8-FD95-48D8-BBF9-B87A70B92547}.Debug|Any CPU.Build.0 = Debug|Any CPU
		{1C27DDF8-FD95-48D8-BBF9-B87A70B92547}.Debug|Any CPU.Deploy.0 = Debug|Any CPU
		{1C27DDF8-FD95-48D8-BBF9-B87A70B92547}.Debug|iPhone.ActiveCfg = Debug|Any CPU
		{1C27DDF8-FD95-48D8-BBF9-B87A70B92547}.Debug|iPhone.Build.0 = Debug|Any CPU
		{1C27DDF8-FD95-48D8-BBF9-B87A70B92547}.Debug|iPhone.Deploy.0 = Debug|Any CPU
		{1C27DDF8-FD95-48D8-BBF9-B87A70B92547}.Debug|iPhoneSimulator.ActiveCfg = Debug|Any CPU
		{1C27DDF8-FD95-48D8-BBF9-B87A70B92547}.Debug|iPhoneSimulator.Build.0 = Debug|Any CPU
		{1C27DDF8-FD95-48D8-BBF9-B87A70B92547}.Debug|iPhoneSimulator.Deploy.0 = Debug|Any CPU
		{1C27DDF8-FD95-48D8-BBF9-B87A70B92547}.Release|Any CPU.ActiveCfg = Release|Any CPU
		{1C27DDF8-FD95-48D8-BBF9-B87A70B92547}.Release|Any CPU.Build.0 = Release|Any CPU
		{1C27DDF8-FD95-48D8-BBF9-B87A70B92547}.Release|Any CPU.Deploy.0 = Release|Any CPU
		{1C27DDF8-FD95-48D8-BBF9-B87A70B92547}.Release|iPhone.ActiveCfg = Release|Any CPU
		{1C27DDF8-FD95-48D8-BBF9-B87A70B92547}.Release|iPhone.Build.0 = Release|Any CPU
		{1C27DDF8-FD95-48D8-BBF9-B87A70B92547}.Release|iPhone.Deploy.0 = Release|Any CPU
		{1C27DDF8-FD95-48D8-BBF9-B87A70B92547}.Release|iPhoneSimulator.ActiveCfg = Release|Any CPU
		{1C27DDF8-FD95-48D8-BBF9-B87A70B92547}.Release|iPhoneSimulator.Build.0 = Release|Any CPU
		{1C27DDF8-FD95-48D8-BBF9-B87A70B92547}.Release|iPhoneSimulator.Deploy.0 = Release|Any CPU
		{208F4EAC-C87A-4249-9561-5DF6C48E585C}.Ad-Hoc|iPhone.ActiveCfg = Ad-Hoc|iPhone
		{208F4EAC-C87A-4249-9561-5DF6C48E585C}.Ad-Hoc|iPhone.Build.0 = Ad-Hoc|iPhone
		{208F4EAC-C87A-4249-9561-5DF6C48E585C}.Ad-Hoc|iPhone.Deploy.0 = Ad-Hoc|iPhone
		{208F4EAC-C87A-4249-9561-5DF6C48E585C}.AppStore|iPhone.ActiveCfg = AppStore|iPhone
		{208F4EAC-C87A-4249-9561-5DF6C48E585C}.AppStore|iPhone.Build.0 = AppStore|iPhone
		{208F4EAC-C87A-4249-9561-5DF6C48E585C}.AppStore|iPhone.Deploy.0 = AppStore|iPhone
		{208F4EAC-C87A-4249-9561-5DF6C48E585C}.Debug|Any CPU.ActiveCfg = Debug|iPhoneSimulator
		{208F4EAC-C87A-4249-9561-5DF6C48E585C}.Debug|Any CPU.Build.0 = Debug|iPhoneSimulator
		{208F4EAC-C87A-4249-9561-5DF6C48E585C}.Debug|Any CPU.Deploy.0 = Debug|iPhoneSimulator
		{208F4EAC-C87A-4249-9561-5DF6C48E585C}.Debug|iPhone.ActiveCfg = Debug|iPhone
		{208F4EAC-C87A-4249-9561-5DF6C48E585C}.Debug|iPhone.Build.0 = Debug|iPhone
		{208F4EAC-C87A-4249-9561-5DF6C48E585C}.Debug|iPhone.Deploy.0 = Debug|iPhone
		{208F4EAC-C87A-4249-9561-5DF6C48E585C}.Debug|iPhoneSimulator.ActiveCfg = Debug|iPhoneSimulator
		{208F4EAC-C87A-4249-9561-5DF6C48E585C}.Debug|iPhoneSimulator.Build.0 = Debug|iPhoneSimulator
		{208F4EAC-C87A-4249-9561-5DF6C48E585C}.Debug|iPhoneSimulator.Deploy.0 = Debug|iPhoneSimulator
		{208F4EAC-C87A-4249-9561-5DF6C48E585C}.Release|Any CPU.ActiveCfg = Release|iPhoneSimulator
		{208F4EAC-C87A-4249-9561-5DF6C48E585C}.Release|Any CPU.Build.0 = Release|iPhoneSimulator
		{208F4EAC-C87A-4249-9561-5DF6C48E585C}.Release|Any CPU.Deploy.0 = Release|iPhoneSimulator
		{208F4EAC-C87A-4249-9561-5DF6C48E585C}.Release|iPhone.ActiveCfg = Release|iPhone
		{208F4EAC-C87A-4249-9561-5DF6C48E585C}.Release|iPhone.Build.0 = Release|iPhone
		{208F4EAC-C87A-4249-9561-5DF6C48E585C}.Release|iPhone.Deploy.0 = Release|iPhone
		{208F4EAC-C87A-4249-9561-5DF6C48E585C}.Release|iPhoneSimulator.ActiveCfg = Release|iPhoneSimulator
		{208F4EAC-C87A-4249-9561-5DF6C48E585C}.Release|iPhoneSimulator.Build.0 = Release|iPhoneSimulator
		{208F4EAC-C87A-4249-9561-5DF6C48E585C}.Release|iPhoneSimulator.Deploy.0 = Release|iPhoneSimulator
	EndGlobalSection
EndGlobal
